{
  "lockfile_version": "1",
  "packages": {
    "opentofu@1.9.1": {
      "last_modified": "2025-05-16T20:19:48Z",
      "resolved": "github:NixOS/nixpkgs/12a55407652e04dcf2309436eb06fef0d3713ef3#opentofu",
      "source": "devbox-search",
      "version": "1.9.1",
      "systems": {
        "aarch64-darwin": {
          "outputs": [
            {
              "name": "out",
              "path": "/nix/store/2di6dcym6r232fl7k3fx8k5jgs6hxa1w-opentofu-1.9.1",
              "default": true
            }
          ],
          "store_path": "/nix/store/2di6dcym6r232fl7k3fx8k5jgs6hxa1w-opentofu-1.9.1"
        },
        "aarch64-linux": {
          "outputs": [
            {
              "name": "out",
              "path": "/nix/store/jlrnqb9fv36qrsm6yvr4g2vidsv925xc-opentofu-1.9.1",
              "default": true
            }
          ],
          "store_path": "/nix/store/jlrnqb9fv36qrsm6yvr4g2vidsv925xc-opentofu-1.9.1"
        },
        "x86_64-darwin": {
          "outputs": [
            {
              "name": "out",
              "path": "/nix/store/z26ps20bykay9w5xrdzbml97w0akf1zx-opentofu-1.9.1",
              "default": true
            }
          ],
          "store_path": "/nix/store/z26ps20bykay9w5xrdzbml97w0akf1zx-opentofu-1.9.1"
        },
        "x86_64-linux": {
          "outputs": [
            {
              "name": "out",
              "path": "/nix/store/5azlfblak86zzjsn1fagw8lksb3sz7n0-opentofu-1.9.1",
              "default": true
            }
          ],
          "store_path": "/nix/store/5azlfblak86zzjsn1fagw8lksb3sz7n0-opentofu-1.9.1"
        }
      }
    }
  }
}
